
Microsoft Visual Studio Solution File, Format Version 12.00
# Visual Studio Version 16
VisualStudioVersion = 16.0.809.3
MinimumVisualStudioVersion = 10.0.40219.1
Project("{FAE04EC0-301F-11D3-BF4B-00C04F79EFBC}") = "New_Deliverable1", "New_Deliverable1\New_Deliverable1.csproj", "{670D6823-EF10-4001-90A1-795DA8897877}"
EndProject
Global
	GlobalSection(SolutionConfigurationPlatforms) = preSolution
		Debug|Any CPU = Debug|Any CPU
		Release|Any CPU = Release|Any CPU
	EndGlobalSection
	GlobalSection(ProjectConfigurationPlatforms) = postSolution
		{670D6823-EF10-4001-90A1-795DA8897877}.Debug|Any CPU.ActiveCfg = Debug|Any CPU
		{670D6823-EF10-4001-90A1-795DA8897877}.Debug|Any CPU.Build.0 = Debug|Any CPU
		{670D6823-EF10-4001-90A1-795DA8897877}.Release|Any CPU.ActiveCfg = Release|Any CPU
		{670D6823-EF10-4001-90A1-795DA8897877}.Release|Any CPU.Build.0 = Release|Any CPU
	EndGlobalSection
	GlobalSection(SolutionProperties) = preSolution
		HideSolutionNode = FALSE
	EndGlobalSection
	GlobalSection(ExtensibilityGlobals) = postSolution
		SolutionGuid = {7CB0FADF-9478-40B6-A18C-8E7D44D25299}
	EndGlobalSection
EndGlobal
